
Microsoft Visual Studio Solution File, Format Version 12.00
# Visual Studio Version 17
VisualStudioVersion = 17.8.34330.188
MinimumVisualStudioVersion = 10.0.40219.1
Project("{FAE04EC0-301F-11D3-BF4B-00C04F79EFBC}") = "TCKimlikNoSifreleme", "TCKimlikNoSifreleme\TCKimlikNoSifreleme.csproj", "{2380717A-4F63-4F1D-9454-001C54CBED49}"
EndProject
Global
	GlobalSection(SolutionConfigurationPlatforms) = preSolution
		Debug|Any CPU = Debug|Any CPU
		Release|Any CPU = Release|Any CPU
	EndGlobalSection
	GlobalSection(ProjectConfigurationPlatforms) = postSolution
		{2380717A-4F63-4F1D-9454-001C54CBED49}.Debug|Any CPU.ActiveCfg = Debug|Any CPU
		{2380717A-4F63-4F1D-9454-001C54CBED49}.Debug|Any CPU.Build.0 = Debug|Any CPU
		{2380717A-4F63-4F1D-9454-001C54CBED49}.Release|Any CPU.ActiveCfg = Release|Any CPU
		{2380717A-4F63-4F1D-9454-001C54CBED49}.Release|Any CPU.Build.0 = Release|Any CPU
	EndGlobalSection
	GlobalSection(SolutionProperties) = preSolution
		HideSolutionNode = FALSE
	EndGlobalSection
	GlobalSection(ExtensibilityGlobals) = postSolution
		SolutionGuid = {A07FD785-56FC-493F-A314-06081019465F}
	EndGlobalSection
EndGlobal
